// !$*UTF8*$!
{
	archiveVersion = 1;
	classes = {
	};
	objectVersion = 46;
	objects = {

/* Begin PBXBuildFile section */
		C337E00E1C58AF5B001A349D /* USQLCommand.cpp in Sources */ = {isa = PBXBuildFile; fileRef = C337E00C1C58AF5B001A349D /* USQLCommand.cpp */; };
		C3999BF41C57AA5E004C285B /* main.m in Sources */ = {isa = PBXBuildFile; fileRef = C3999BF31C57AA5E004C285B /* main.m */; };
		C3999BFC1C57AE67004C285B /* libsqlite3.tbd in Frameworks */ = {isa = PBXBuildFile; fileRef = C3999BFB1C57AE67004C285B /* libsqlite3.tbd */; };
		C3999BFF1C57AE85004C285B /* USQLConnection.cpp in Sources */ = {isa = PBXBuildFile; fileRef = C3999BFD1C57AE85004C285B /* USQLConnection.cpp */; };
		C3999C0B1C57B88E004C285B /* USQLSatement.cpp in Sources */ = {isa = PBXBuildFile; fileRef = C3999C091C57B88E004C285B /* USQLSatement.cpp */; };
/* End PBXBuildFile section */

/* Begin PBXCopyFilesBuildPhase section */
		C3999BEE1C57AA5E004C285B /* CopyFiles */ = {
			isa = PBXCopyFilesBuildPhase;
			buildActionMask = 2147483647;
			dstPath = /usr/share/man/man1/;
			dstSubfolderSpec = 0;
			files = (
			);
			runOnlyForDeploymentPostprocessing = 1;
		};
/* End PBXCopyFilesBuildPhase section */

/* Begin PBXFileReference section */
		C337E00C1C58AF5B001A349D /* USQLCommand.cpp */ = {isa = PBXFileReference; fileEncoding = 4; lastKnownFileType = sourcecode.cpp.cpp; path = USQLCommand.cpp; sourceTree = "<group>"; };
		C337E00D1C58AF5B001A349D /* USQLCommand.hpp */ = {isa = PBXFileReference; fileEncoding = 4; lastKnownFileType = sourcecode.cpp.h; path = USQLCommand.hpp; sourceTree = "<group>"; };
		C3999BF01C57AA5E004C285B /* UseSQLite */ = {isa = PBXFileReference; explicitFileType = "compiled.mach-o.executable"; includeInIndex = 0; path = UseSQLite; sourceTree = BUILT_PRODUCTS_DIR; };
		C3999BF31C57AA5E004C285B /* main.m */ = {isa = PBXFileReference; lastKnownFileType = sourcecode.c.objc; path = main.m; sourceTree = "<group>"; };
		C3999BFB1C57AE67004C285B /* libsqlite3.tbd */ = {isa = PBXFileReference; lastKnownFileType = "sourcecode.text-based-dylib-definition"; name = libsqlite3.tbd; path = usr/lib/libsqlite3.tbd; sourceTree = SDKROOT; };
		C3999BFD1C57AE85004C285B /* USQLConnection.cpp */ = {isa = PBXFileReference; fileEncoding = 4; lastKnownFileType = sourcecode.cpp.cpp; path = USQLConnection.cpp; sourceTree = "<group>"; };
		C3999BFE1C57AE85004C285B /* USQLConnection.hpp */ = {isa = PBXFileReference; fileEncoding = 4; lastKnownFileType = sourcecode.cpp.h; path = USQLConnection.hpp; sourceTree = "<group>"; };
		C3999C011C57AF1B004C285B /* USQLNoCopyable.hpp */ = {isa = PBXFileReference; fileEncoding = 4; lastKnownFileType = sourcecode.cpp.h; path = USQLNoCopyable.hpp; sourceTree = "<group>"; };
		C3999C041C57B3D9004C285B /* USQLDefs.hpp */ = {isa = PBXFileReference; fileEncoding = 4; lastKnownFileType = sourcecode.cpp.h; path = USQLDefs.hpp; sourceTree = "<group>"; };
		C3999C071C57B62C004C285B /* USQLShareObject.hpp */ = {isa = PBXFileReference; fileEncoding = 4; lastKnownFileType = sourcecode.cpp.h; path = USQLShareObject.hpp; sourceTree = "<group>"; };
		C3999C091C57B88E004C285B /* USQLSatement.cpp */ = {isa = PBXFileReference; fileEncoding = 4; lastKnownFileType = sourcecode.cpp.cpp; path = USQLSatement.cpp; sourceTree = "<group>"; };
		C3999C0A1C57B88E004C285B /* USQLSatement.hpp */ = {isa = PBXFileReference; fileEncoding = 4; lastKnownFileType = sourcecode.cpp.h; path = USQLSatement.hpp; sourceTree = "<group>"; };
/* End PBXFileReference section */

/* Begin PBXFrameworksBuildPhase section */
		C3999BED1C57AA5E004C285B /* Frameworks */ = {
			isa = PBXFrameworksBuildPhase;
			buildActionMask = 2147483647;
			files = (
				C3999BFC1C57AE67004C285B /* libsqlite3.tbd in Frameworks */,
			);
			runOnlyForDeploymentPostprocessing = 0;
		};
/* End PBXFrameworksBuildPhase section */

/* Begin PBXGroup section */
		C3999BE71C57AA5E004C285B = {
			isa = PBXGroup;
			children = (
				C3999BFB1C57AE67004C285B /* libsqlite3.tbd */,
				C3999BFA1C57AE59004C285B /* Classes */,
				C3999BF21C57AA5E004C285B /* UseSQLite */,
				C3999BF11C57AA5E004C285B /* Products */,
			);
			sourceTree = "<group>";
		};
		C3999BF11C57AA5E004C285B /* Products */ = {
			isa = PBXGroup;
			children = (
				C3999BF01C57AA5E004C285B /* UseSQLite */,
			);
			name = Products;
			sourceTree = "<group>";
		};
		C3999BF21C57AA5E004C285B /* UseSQLite */ = {
			isa = PBXGroup;
			children = (
				C3999BF31C57AA5E004C285B /* main.m */,
			);
			path = UseSQLite;
			sourceTree = "<group>";
		};
		C3999BFA1C57AE59004C285B /* Classes */ = {
			isa = PBXGroup;
			children = (
				C3999BFD1C57AE85004C285B /* USQLConnection.cpp */,
				C3999BFE1C57AE85004C285B /* USQLConnection.hpp */,
				C3999C011C57AF1B004C285B /* USQLNoCopyable.hpp */,
				C3999C041C57B3D9004C285B /* USQLDefs.hpp */,
				C3999C071C57B62C004C285B /* USQLShareObject.hpp */,
				C3999C091C57B88E004C285B /* USQLSatement.cpp */,
				C3999C0A1C57B88E004C285B /* USQLSatement.hpp */,
				C337E00C1C58AF5B001A349D /* USQLCommand.cpp */,
				C337E00D1C58AF5B001A349D /* USQLCommand.hpp */,
			);
			path = Classes;
			sourceTree = "<group>";
		};
/* End PBXGroup section */

/* Begin PBXNativeTarget section */
		C3999BEF1C57AA5E004C285B /* UseSQLite */ = {
			isa = PBXNativeTarget;
			buildConfigurationList = C3999BF71C57AA5E004C285B /* Build configuration list for PBXNativeTarget "UseSQLite" */;
			buildPhases = (
				C3999BEC1C57AA5E004C285B /* Sources */,
				C3999BED1C57AA5E004C285B /* Frameworks */,
				C3999BEE1C57AA5E004C285B /* CopyFiles */,
			);
			buildRules = (
			);
			dependencies = (
			);
			name = UseSQLite;
			productName = UseSQLite;
			productReference = C3999BF01C57AA5E004C285B /* UseSQLite */;
			productType = "com.apple.product-type.tool";
		};
/* End PBXNativeTarget section */

/* Begin PBXProject section */
		C3999BE81C57AA5E004C285B /* Project object */ = {
			isa = PBXProject;
			attributes = {
				LastUpgradeCheck = 0720;
				ORGANIZATIONNAME = 2Coding;
				TargetAttributes = {
					C3999BEF1C57AA5E004C285B = {
						CreatedOnToolsVersion = 7.2;
					};
				};
			};
			buildConfigurationList = C3999BEB1C57AA5E004C285B /* Build configuration list for PBXProject "UseSQLite" */;
			compatibilityVersion = "Xcode 3.2";
			developmentRegion = English;
			hasScannedForEncodings = 0;
			knownRegions = (
				en,
			);
			mainGroup = C3999BE71C57AA5E004C285B;
			productRefGroup = C3999BF11C57AA5E004C285B /* Products */;
			projectDirPath = "";
			projectRoot = "";
			targets = (
				C3999BEF1C57AA5E004C285B /* UseSQLite */,
			);
		};
/* End PBXProject section */

/* Begin PBXSourcesBuildPhase section */
		C3999BEC1C57AA5E004C285B /* Sources */ = {
			isa = PBXSourcesBuildPhase;
			buildActionMask = 2147483647;
			files = (
				C337E00E1C58AF5B001A349D /* USQLCommand.cpp in Sources */,
				C3999BFF1C57AE85004C285B /* USQLConnection.cpp in Sources */,
				C3999C0B1C57B88E004C285B /* USQLSatement.cpp in Sources */,
				C3999BF41C57AA5E004C285B /* main.m in Sources */,
			);
			runOnlyForDeploymentPostprocessing = 0;
		};
/* End PBXSourcesBuildPhase section */

/* Begin XCBuildConfiguration section */
		C3999BF51C57AA5E004C285B /* Debug */ = {
			isa = XCBuildConfiguration;
			buildSettings = {
				ALWAYS_SEARCH_USER_PATHS = NO;
				CLANG_CXX_LANGUAGE_STANDARD = "gnu++0x";
				CLANG_CXX_LIBRARY = "libc++";
				CLANG_ENABLE_MODULES = YES;
				CLANG_ENABLE_OBJC_ARC = YES;
				CLANG_WARN_BOOL_CONVERSION = YES;
				CLANG_WARN_CONSTANT_CONVERSION = YES;
				CLANG_WARN_DIRECT_OBJC_ISA_USAGE = YES_ERROR;
				CLANG_WARN_EMPTY_BODY = YES;
				CLANG_WARN_ENUM_CONVERSION = YES;
				CLANG_WARN_INT_CONVERSION = YES;
				CLANG_WARN_OBJC_ROOT_CLASS = YES_ERROR;
				CLANG_WARN_UNREACHABLE_CODE = YES;
				CLANG_WARN__DUPLICATE_METHOD_MATCH = YES;
				CODE_SIGN_IDENTITY = "-";
				COPY_PHASE_STRIP = NO;
				DEBUG_INFORMATION_FORMAT = dwarf;
				ENABLE_STRICT_OBJC_MSGSEND = YES;
				ENABLE_TESTABILITY = YES;
				GCC_C_LANGUAGE_STANDARD = gnu99;
				GCC_DYNAMIC_NO_PIC = NO;
				GCC_NO_COMMON_BLOCKS = YES;
				GCC_OPTIMIZATION_LEVEL = 0;
				GCC_PREPROCESSOR_DEFINITIONS = (
					"DEBUG=1",
					"$(inherited)",
				);
				GCC_WARN_64_TO_32_BIT_CONVERSION = YES;
				GCC_WARN_ABOUT_RETURN_TYPE = YES_ERROR;
				GCC_WARN_UNDECLARED_SELECTOR = YES;
				GCC_WARN_UNINITIALIZED_AUTOS = YES_AGGRESSIVE;
				GCC_WARN_UNUSED_FUNCTION = YES;
				GCC_WARN_UNUSED_VARIABLE = YES;
				MACOSX_DEPLOYMENT_TARGET = 10.11;
				MTL_ENABLE_DEBUG_INFO = YES;
				ONLY_ACTIVE_ARCH = YES;
				SDKROOT = macosx;
			};
			name = Debug;
		};
		C3999BF61C57AA5E004C285B /* Release */ = {
			isa = XCBuildConfiguration;
			buildSettings = {
				ALWAYS_SEARCH_USER_PATHS = NO;
				CLANG_CXX_LANGUAGE_STANDARD = "gnu++0x";
				CLANG_CXX_LIBRARY = "libc++";
				CLANG_ENABLE_MODULES = YES;
				CLANG_ENABLE_OBJC_ARC = YES;
				CLANG_WARN_BOOL_CONVERSION = YES;
				CLANG_WARN_CONSTANT_CONVERSION = YES;
				CLANG_WARN_DIRECT_OBJC_ISA_USAGE = YES_ERROR;
				CLANG_WARN_EMPTY_BODY = YES;
				CLANG_WARN_ENUM_CONVERSION = YES;
				CLANG_WARN_INT_CONVERSION = YES;
				CLANG_WARN_OBJC_ROOT_CLASS = YES_ERROR;
				CLANG_WARN_UNREACHABLE_CODE = YES;
				CLANG_WARN__DUPLICATE_METHOD_MATCH = YES;
				CODE_SIGN_IDENTITY = "-";
				COPY_PHASE_STRIP = NO;
				DEBUG_INFORMATION_FORMAT = "dwarf-with-dsym";
				ENABLE_NS_ASSERTIONS = NO;
				ENABLE_STRICT_OBJC_MSGSEND = YES;
				GCC_C_LANGUAGE_STANDARD = gnu99;
				GCC_NO_COMMON_BLOCKS = YES;
				GCC_WARN_64_TO_32_BIT_CONVERSION = YES;
				GCC_WARN_ABOUT_RETURN_TYPE = YES_ERROR;
				GCC_WARN_UNDECLARED_SELECTOR = YES;
				GCC_WARN_UNINITIALIZED_AUTOS = YES_AGGRESSIVE;
				GCC_WARN_UNUSED_FUNCTION = YES;
				GCC_WARN_UNUSED_VARIABLE = YES;
				MACOSX_DEPLOYMENT_TARGET = 10.11;
				MTL_ENABLE_DEBUG_INFO = NO;
				SDKROOT = macosx;
			};
			name = Release;
		};
		C3999BF81C57AA5E004C285B /* Debug */ = {
			isa = XCBuildConfiguration;
			buildSettings = {
				PRODUCT_NAME = "$(TARGET_NAME)";
			};
			name = Debug;
		};
		C3999BF91C57AA5E004C285B /* Release */ = {
			isa = XCBuildConfiguration;
			buildSettings = {
				PRODUCT_NAME = "$(TARGET_NAME)";
			};
			name = Release;
		};
/* End XCBuildConfiguration section */

/* Begin XCConfigurationList section */
		C3999BEB1C57AA5E004C285B /* Build configuration list for PBXProject "UseSQLite" */ = {
			isa = XCConfigurationList;
			buildConfigurations = (
				C3999BF51C57AA5E004C285B /* Debug */,
				C3999BF61C57AA5E004C285B /* Release */,
			);
			defaultConfigurationIsVisible = 0;
			defaultConfigurationName = Release;
		};
		C3999BF71C57AA5E004C285B /* Build configuration list for PBXNativeTarget "UseSQLite" */ = {
			isa = XCConfigurationList;
			buildConfigurations = (
				C3999BF81C57AA5E004C285B /* Debug */,
				C3999BF91C57AA5E004C285B /* Release */,
			);
			defaultConfigurationIsVisible = 0;
			defaultConfigurationName = Release;
		};
/* End XCConfigurationList section */
	};
	rootObject = C3999BE81C57AA5E004C285B /* Project object */;
}
